
Microsoft Visual Studio Solution File, Format Version 12.00
# Visual Studio Version 17
VisualStudioVersion = 17.7.34031.279
MinimumVisualStudioVersion = 10.0.40219.1
Project("{9A19103F-16F7-4668-BE54-9A1E7A4F7556}") = "A10Blogging", "A10Blogging.csproj", "{C64B8F7A-95D5-4070-93B3-F617EDCA3110}"
EndProject
Global
	GlobalSection(SolutionConfigurationPlatforms) = preSolution
		Debug|Any CPU = Debug|Any CPU
		Release|Any CPU = Release|Any CPU
	EndGlobalSection
	GlobalSection(ProjectConfigurationPlatforms) = postSolution
		{C64B8F7A-95D5-4070-93B3-F617EDCA3110}.Debug|Any CPU.ActiveCfg = Debug|Any CPU
		{C64B8F7A-95D5-4070-93B3-F617EDCA3110}.Debug|Any CPU.Build.0 = Debug|Any CPU
		{C64B8F7A-95D5-4070-93B3-F617EDCA3110}.Release|Any CPU.ActiveCfg = Release|Any CPU
		{C64B8F7A-95D5-4070-93B3-F617EDCA3110}.Release|Any CPU.Build.0 = Release|Any CPU
	EndGlobalSection
	GlobalSection(SolutionProperties) = preSolution
		HideSolutionNode = FALSE
	EndGlobalSection
	GlobalSection(ExtensibilityGlobals) = postSolution
		SolutionGuid = {63E37566-A616-4644-B1BA-454E7C3F3499}
	EndGlobalSection
EndGlobal
